
Microsoft Visual Studio Solution File, Format Version 12.00
# Visual Studio Version 16
VisualStudioVersion = 16.0.29102.190
MinimumVisualStudioVersion = 10.0.40219.1
Project("{FAE04EC0-301F-11D3-BF4B-00C04F79EFBC}") = "HumanProgram", "HumanProgram\HumanProgram.csproj", "{C8B2F7DA-48C1-4D2F-B667-B0EFF9303C4C}"
EndProject
Global
	GlobalSection(SolutionConfigurationPlatforms) = preSolution
		Debug|Any CPU = Debug|Any CPU
		Release|Any CPU = Release|Any CPU
	EndGlobalSection
	GlobalSection(ProjectConfigurationPlatforms) = postSolution
		{C8B2F7DA-48C1-4D2F-B667-B0EFF9303C4C}.Debug|Any CPU.ActiveCfg = Debug|Any CPU
		{C8B2F7DA-48C1-4D2F-B667-B0EFF9303C4C}.Debug|Any CPU.Build.0 = Debug|Any CPU
		{C8B2F7DA-48C1-4D2F-B667-B0EFF9303C4C}.Release|Any CPU.ActiveCfg = Release|Any CPU
		{C8B2F7DA-48C1-4D2F-B667-B0EFF9303C4C}.Release|Any CPU.Build.0 = Release|Any CPU
	EndGlobalSection
	GlobalSection(SolutionProperties) = preSolution
		HideSolutionNode = FALSE
	EndGlobalSection
	GlobalSection(ExtensibilityGlobals) = postSolution
		SolutionGuid = {33FD0351-2401-4021-AD62-2E1524CAD39B}
	EndGlobalSection
EndGlobal
